
Microsoft Visual Studio Solution File, Format Version 12.00
# Visual Studio Version 16
VisualStudioVersion = 16.0.29806.167
MinimumVisualStudioVersion = 10.0.40219.1
Project("{FAE04EC0-301F-11D3-BF4B-00C04F79EFBC}") = "BlazorTestDeploy", "BlazorTestDeploy\BlazorTestDeploy.csproj", "{1F2BE7E0-22F9-4EA5-831B-A5B0B1A6ECF2}"
EndProject
Global
	GlobalSection(SolutionConfigurationPlatforms) = preSolution
		Debug|Any CPU = Debug|Any CPU
		Release|Any CPU = Release|Any CPU
	EndGlobalSection
	GlobalSection(ProjectConfigurationPlatforms) = postSolution
		{1F2BE7E0-22F9-4EA5-831B-A5B0B1A6ECF2}.Debug|Any CPU.ActiveCfg = Debug|Any CPU
		{1F2BE7E0-22F9-4EA5-831B-A5B0B1A6ECF2}.Debug|Any CPU.Build.0 = Debug|Any CPU
		{1F2BE7E0-22F9-4EA5-831B-A5B0B1A6ECF2}.Release|Any CPU.ActiveCfg = Release|Any CPU
		{1F2BE7E0-22F9-4EA5-831B-A5B0B1A6ECF2}.Release|Any CPU.Build.0 = Release|Any CPU
	EndGlobalSection
	GlobalSection(SolutionProperties) = preSolution
		HideSolutionNode = FALSE
	EndGlobalSection
	GlobalSection(ExtensibilityGlobals) = postSolution
		SolutionGuid = {73AABE1D-1ED2-463D-A3F3-1DEEEB9C039E}
	EndGlobalSection
EndGlobal
